
Microsoft Visual Studio Solution File, Format Version 12.00
# Visual Studio 2012
Project("{FAE04EC0-301F-11D3-BF4B-00C04F79EFBC}") = "417-ImageToHex", "417-ImageToHex\417-ImageToHex.csproj", "{5CDD415F-9EBF-4FE3-8398-4AA0E2542DDE}"
EndProject
Global
	GlobalSection(SolutionConfigurationPlatforms) = preSolution
		Debug|Any CPU = Debug|Any CPU
		Release|Any CPU = Release|Any CPU
	EndGlobalSection
	GlobalSection(ProjectConfigurationPlatforms) = postSolution
		{5CDD415F-9EBF-4FE3-8398-4AA0E2542DDE}.Debug|Any CPU.ActiveCfg = Debug|Any CPU
		{5CDD415F-9EBF-4FE3-8398-4AA0E2542DDE}.Debug|Any CPU.Build.0 = Debug|Any CPU
		{5CDD415F-9EBF-4FE3-8398-4AA0E2542DDE}.Release|Any CPU.ActiveCfg = Release|Any CPU
		{5CDD415F-9EBF-4FE3-8398-4AA0E2542DDE}.Release|Any CPU.Build.0 = Release|Any CPU
	EndGlobalSection
	GlobalSection(SolutionProperties) = preSolution
		HideSolutionNode = FALSE
	EndGlobalSection
EndGlobal
